{
  "name": "workspace",
  "version": "0.0.0",
  "lockfileVersion": 2,
  "requires": true,
  "packages": {
    "": {
      "name": "workspace",
      "version": "0.0.0",
      "license": "MIT",
      "workspaces": [
        "packages/*"
      ]
    },
    "node_modules/@core/a": {
      "resolved": "packages/a",
      "link": true
    },
    "node_modules/@core/b": {
      "resolved": "packages/b",
      "link": true
    },
    "node_modules/beurre": {
      "version": "0.0.1",
      "resolved": "https://registry.npmjs.org/beurre/-/beurre-0.0.1.tgz",
      "integrity": "sha1-ZIF6Gy7npAr6m3Xu4sOUpW3bXKM="
    },
    "node_modules/chalk": {
      "version": "5.0.0",
      "resolved": "https://registry.npmjs.org/chalk/-/chalk-5.0.0.tgz",
      "integrity": "sha512-/duVOqst+luxCQRKEo4bNxinsOQtMP80ZYm7mMqzuh5PociNL0PvmHFvREJ9ueYL2TxlHjBcmLCdmocx9Vg+IQ==",
      "dev": true,
      "engines": {
        "node": "^12.17.0 || ^14.13 || >=16.0.0"
      },
      "funding": {
        "url": "https://github.com/chalk/chalk?sponsor=1"
      }
    },
    "packages/a": {
      "name": "@core/a",
      "version": "0.0.0",
      "dependencies": {
        "beurre": "0.0.1"
      },
      "devDependencies": {
        "chalk": "5.0.0"
      }
    },
    "packages/b": {
      "name": "@core/b",
      "version": "0.0.0",
      "dependencies": {
        "@core/a": "*"
      }
    }
  },
  "dependencies": {
    "@core/a": {
      "version": "file:packages/a",
      "requires": {
        "beurre": "0.0.1",
        "chalk": "5.0.0"
      }
    },
    "@core/b": {
      "version": "file:packages/b",
      "requires": {
        "@core/a": "*"
      }
    },
    "beurre": {
      "version": "0.0.1",
      "resolved": "https://registry.npmjs.org/beurre/-/beurre-0.0.1.tgz",
      "integrity": "sha1-ZIF6Gy7npAr6m3Xu4sOUpW3bXKM="
    },
    "chalk": {
      "version": "5.0.0",
      "resolved": "https://registry.npmjs.org/chalk/-/chalk-5.0.0.tgz",
      "integrity": "sha512-/duVOqst+luxCQRKEo4bNxinsOQtMP80ZYm7mMqzuh5PociNL0PvmHFvREJ9ueYL2TxlHjBcmLCdmocx9Vg+IQ==",
      "dev": true
    }
  }
}
